
Microsoft Visual Studio Solution File, Format Version 12.00
# Visual Studio Version 16
VisualStudioVersion = 16.0.29306.81
MinimumVisualStudioVersion = 10.0.40219.1
Project("{FAE04EC0-301F-11D3-BF4B-00C04F79EFBC}") = "Number_degree", "Number_degree.csproj", "{B3034E81-5913-4E42-AEDB-B32262AFC36E}"
EndProject
Global
	GlobalSection(SolutionConfigurationPlatforms) = preSolution
		Debug|Any CPU = Debug|Any CPU
		Release|Any CPU = Release|Any CPU
	EndGlobalSection
	GlobalSection(ProjectConfigurationPlatforms) = postSolution
		{B3034E81-5913-4E42-AEDB-B32262AFC36E}.Debug|Any CPU.ActiveCfg = Debug|Any CPU
		{B3034E81-5913-4E42-AEDB-B32262AFC36E}.Debug|Any CPU.Build.0 = Debug|Any CPU
		{B3034E81-5913-4E42-AEDB-B32262AFC36E}.Release|Any CPU.ActiveCfg = Release|Any CPU
		{B3034E81-5913-4E42-AEDB-B32262AFC36E}.Release|Any CPU.Build.0 = Release|Any CPU
	EndGlobalSection
	GlobalSection(SolutionProperties) = preSolution
		HideSolutionNode = FALSE
	EndGlobalSection
	GlobalSection(ExtensibilityGlobals) = postSolution
		SolutionGuid = {AAD860D9-B8A7-414A-8F0A-A5E66405C99C}
	EndGlobalSection
EndGlobal
